{
  "name": "pje",
  "version": "1.0.0",
  "lockfileVersion": 1,
  "requires": true,
  "dependencies": {
    "@fortawesome/fontawesome-free": {
      "version": "5.7.2",
      "resolved": "https://registry.npmjs.org/@fortawesome/fontawesome-free/-/fontawesome-free-5.7.2.tgz",
      "integrity": "sha512-Ha4HshKdCVKgu4TVCtG8XyPPYdzTzNW4/fvPnn+LT7AosRABryhlRv4cc4+o84dgpvVJN9reN7jo/c+nYujFug==",
      "dev": true
    },
    "animate.css": {
      "version": "3.7.0",
      "resolved": "https://registry.npmjs.org/animate.css/-/animate.css-3.7.0.tgz",
      "integrity": "sha512-u3iMXDJr0cxMdQocIciDiou9Au4L5f9uT+/jCtprw3s1j3HcfCuI+khF+90Ps2KdsEhM2soF7SXB4WUvI3HlXg=="
    },
    "filterizr": {
      "version": "1.3.5",
      "resolved": "https://registry.npmjs.org/filterizr/-/filterizr-1.3.5.tgz",
      "integrity": "sha512-hkkjkkgAxnlAkO3MQh4hdouZMiVOtg1sUv/33x5qsm5ZM7pQiZFMGUiqpABy4q2IFvmSO6CUmK6b3ZGRrw9Oxg=="
    },
    "mdbootstrap": {
      "version": "4.7.3",
      "resolved": "https://registry.npmjs.org/mdbootstrap/-/mdbootstrap-4.7.3.tgz",
      "integrity": "sha512-Vnh1IZBywNcnGuvSCpcX20fEG6jMFuwmM8NePan3pndDQMGvi12Nl2HjvF70dGdLICc4exOEs6rQ2ThGY3dcyQ=="
    },
    "wowjs": {
      "version": "1.1.3",
      "resolved": "https://registry.npmjs.org/wowjs/-/wowjs-1.1.3.tgz",
      "integrity": "sha1-RA/Bu0x+iWhA7keXIpaitZB1rL0=",
      "requires": {
        "animate.css": "^3.7.0"
      }
    }
  }
}
